
Microsoft Visual Studio Solution File, Format Version 12.00
# Visual Studio Version 16
VisualStudioVersion = 16.0.809.5
MinimumVisualStudioVersion = 10.0.40219.1
Project("{FAE04EC0-301F-11D3-BF4B-00C04F79EFBC}") = "eeprom-programmer", "eeprom-programmer.csproj", "{3DB2EB31-7922-4D50-A0FA-2B436E8D6944}"
EndProject
Global
	GlobalSection(SolutionConfigurationPlatforms) = preSolution
		Debug|Any CPU = Debug|Any CPU
		Release|Any CPU = Release|Any CPU
	EndGlobalSection
	GlobalSection(ProjectConfigurationPlatforms) = postSolution
		{3DB2EB31-7922-4D50-A0FA-2B436E8D6944}.Debug|Any CPU.ActiveCfg = Debug|Any CPU
		{3DB2EB31-7922-4D50-A0FA-2B436E8D6944}.Debug|Any CPU.Build.0 = Debug|Any CPU
		{3DB2EB31-7922-4D50-A0FA-2B436E8D6944}.Release|Any CPU.ActiveCfg = Release|Any CPU
		{3DB2EB31-7922-4D50-A0FA-2B436E8D6944}.Release|Any CPU.Build.0 = Release|Any CPU
	EndGlobalSection
	GlobalSection(SolutionProperties) = preSolution
		HideSolutionNode = FALSE
	EndGlobalSection
	GlobalSection(ExtensibilityGlobals) = postSolution
		SolutionGuid = {064F7AB8-3DAE-4411-8DC8-07D47E4675CF}
	EndGlobalSection
EndGlobal
